{
  "meteor": {},
  "dependencies": {
    "basePackages": {
      "subscription": {
        "git": "https://github.com/AtumLab/subscription.git",
        "branch": "master"
      }
    },
    "packages": {
      "subscription": {
        "git": "https://github.com/AtumLab/subscription.git",
        "branch": "master",
        "commit": "a5ad5099d04733d2b47205142c29ea561ed0d7c6"
      }
    }
  }
}
