{
  "meteor": {},
  "dependencies": {
    "basePackages": {
      "subscription": {
        "git": "https://github.com/AtumLab/subscription.git",
        "branch": "master"
      }
    },
    "packages": {
      "subscription": {
        "git": "https://github.com/AtumLab/subscription.git",
        "branch": "master",
        "commit": "b169fe4874fe12fc0745d22e0e79ae1d9c17c701"
      }
    }
  }
}
